
Microsoft Visual Studio Solution File, Format Version 12.00
# Visual Studio Version 17
VisualStudioVersion = 17.8.34309.116
MinimumVisualStudioVersion = 10.0.40219.1
Project("{9A19103F-16F7-4668-BE54-9A1E7A4F7556}") = "PinewoodAssessment", "PinewoodAssesment\PinewoodAssessment.csproj", "{BB43FC34-CEA3-4181-9E14-584C6F82B90A}"
EndProject
Global
	GlobalSection(SolutionConfigurationPlatforms) = preSolution
		Debug|Any CPU = Debug|Any CPU
		Release|Any CPU = Release|Any CPU
	EndGlobalSection
	GlobalSection(ProjectConfigurationPlatforms) = postSolution
		{BB43FC34-CEA3-4181-9E14-584C6F82B90A}.Debug|Any CPU.ActiveCfg = Debug|Any CPU
		{BB43FC34-CEA3-4181-9E14-584C6F82B90A}.Debug|Any CPU.Build.0 = Debug|Any CPU
		{BB43FC34-CEA3-4181-9E14-584C6F82B90A}.Release|Any CPU.ActiveCfg = Release|Any CPU
		{BB43FC34-CEA3-4181-9E14-584C6F82B90A}.Release|Any CPU.Build.0 = Release|Any CPU
	EndGlobalSection
	GlobalSection(SolutionProperties) = preSolution
		HideSolutionNode = FALSE
	EndGlobalSection
	GlobalSection(ExtensibilityGlobals) = postSolution
		SolutionGuid = {C570BDFD-AC3B-4097-B424-338A4D56B131}
	EndGlobalSection
EndGlobal
